
Microsoft Visual Studio Solution File, Format Version 12.00
# Visual Studio Version 17
VisualStudioVersion = 17.4.33213.308
MinimumVisualStudioVersion = 10.0.40219.1
Project("{FAE04EC0-301F-11D3-BF4B-00C04F79EFBC}") = "Exp", "Exp\Exp.csproj", "{F08178F2-F5D3-4902-9E11-D0B28BCB7D78}"
EndProject
Global
	GlobalSection(SolutionConfigurationPlatforms) = preSolution
		Debug|Any CPU = Debug|Any CPU
		Release|Any CPU = Release|Any CPU
	EndGlobalSection
	GlobalSection(ProjectConfigurationPlatforms) = postSolution
		{F08178F2-F5D3-4902-9E11-D0B28BCB7D78}.Debug|Any CPU.ActiveCfg = Debug|Any CPU
		{F08178F2-F5D3-4902-9E11-D0B28BCB7D78}.Debug|Any CPU.Build.0 = Debug|Any CPU
		{F08178F2-F5D3-4902-9E11-D0B28BCB7D78}.Release|Any CPU.ActiveCfg = Release|Any CPU
		{F08178F2-F5D3-4902-9E11-D0B28BCB7D78}.Release|Any CPU.Build.0 = Release|Any CPU
	EndGlobalSection
	GlobalSection(SolutionProperties) = preSolution
		HideSolutionNode = FALSE
	EndGlobalSection
	GlobalSection(ExtensibilityGlobals) = postSolution
		SolutionGuid = {5EED1B2E-FB02-4B62-9A15-15F22E22E37E}
	EndGlobalSection
EndGlobal
